
Microsoft Visual Studio Solution File, Format Version 12.00
# Visual Studio 2013
VisualStudioVersion = 12.0.31101.0
MinimumVisualStudioVersion = 10.0.40219.1
Project("{FAE04EC0-301F-11D3-BF4B-00C04F79EFBC}") = "Marcos.EstudoTddDdd.Web", "Marcos.EstudoTddDdd.Web\Marcos.EstudoTddDdd.Web.csproj", "{1D18A9E0-439B-46E8-92BB-BDEC80E16363}"
EndProject
Project("{FAE04EC0-301F-11D3-BF4B-00C04F79EFBC}") = "Marcos.EstudoTddDdd.TestesDeUnidade", "Marcos.EstudoTddDdd.TestesDeUnidade\Marcos.EstudoTddDdd.TestesDeUnidade.csproj", "{C4B11D3C-470D-42EC-B212-02FCA9FF53A8}"
EndProject
Project("{2150E333-8FDC-42A3-9474-1A3956D46DE8}") = ".nuget", ".nuget", "{E1574D82-FE1D-41CB-8093-0873C94D12C2}"
	ProjectSection(SolutionItems) = preProject
		.nuget\NuGet.Config = .nuget\NuGet.Config
		.nuget\NuGet.exe = .nuget\NuGet.exe
		.nuget\NuGet.targets = .nuget\NuGet.targets
	EndProjectSection
EndProject
Global
	GlobalSection(SolutionConfigurationPlatforms) = preSolution
		Debug|Any CPU = Debug|Any CPU
		Release|Any CPU = Release|Any CPU
	EndGlobalSection
	GlobalSection(ProjectConfigurationPlatforms) = postSolution
		{1D18A9E0-439B-46E8-92BB-BDEC80E16363}.Debug|Any CPU.ActiveCfg = Debug|Any CPU
		{1D18A9E0-439B-46E8-92BB-BDEC80E16363}.Debug|Any CPU.Build.0 = Debug|Any CPU
		{1D18A9E0-439B-46E8-92BB-BDEC80E16363}.Release|Any CPU.ActiveCfg = Release|Any CPU
		{1D18A9E0-439B-46E8-92BB-BDEC80E16363}.Release|Any CPU.Build.0 = Release|Any CPU
		{C4B11D3C-470D-42EC-B212-02FCA9FF53A8}.Debug|Any CPU.ActiveCfg = Debug|Any CPU
		{C4B11D3C-470D-42EC-B212-02FCA9FF53A8}.Debug|Any CPU.Build.0 = Debug|Any CPU
		{C4B11D3C-470D-42EC-B212-02FCA9FF53A8}.Release|Any CPU.ActiveCfg = Release|Any CPU
		{C4B11D3C-470D-42EC-B212-02FCA9FF53A8}.Release|Any CPU.Build.0 = Release|Any CPU
	EndGlobalSection
	GlobalSection(SolutionProperties) = preSolution
		HideSolutionNode = FALSE
	EndGlobalSection
EndGlobal
